// !$*UTF8*$!
{
	archiveVersion = 1;
	classes = {
	};
	objectVersion = 50;
	objects = {

/* Begin PBXBuildFile section */
		1437EC0F2670984D0098FCAC /* CR_GameUIApp.swift in Sources */ = {isa = PBXBuildFile; fileRef = 1437EC0E2670984D0098FCAC /* CR_GameUIApp.swift */; };
		1437EC112670984D0098FCAC /* ContentView.swift in Sources */ = {isa = PBXBuildFile; fileRef = 1437EC102670984D0098FCAC /* ContentView.swift */; };
		1437EC13267098530098FCAC /* Assets.xcassets in Resources */ = {isa = PBXBuildFile; fileRef = 1437EC12267098530098FCAC /* Assets.xcassets */; };
		1437EC16267098530098FCAC /* Preview Assets.xcassets in Resources */ = {isa = PBXBuildFile; fileRef = 1437EC15267098530098FCAC /* Preview Assets.xcassets */; };
		1437EC21267098540098FCAC /* CR_GameUITests.swift in Sources */ = {isa = PBXBuildFile; fileRef = 1437EC20267098540098FCAC /* CR_GameUITests.swift */; };
		1437EC2C267098540098FCAC /* CR_GameUIUITests.swift in Sources */ = {isa = PBXBuildFile; fileRef = 1437EC2B267098540098FCAC /* CR_GameUIUITests.swift */; };
/* End PBXBuildFile section */

/* Begin PBXContainerItemProxy section */
		1437EC1D267098540098FCAC /* PBXContainerItemProxy */ = {
			isa = PBXContainerItemProxy;
			containerPortal = 1437EC032670984C0098FCAC /* Project object */;
			proxyType = 1;
			remoteGlobalIDString = 1437EC0A2670984C0098FCAC;
			remoteInfo = "CR GameUI";
		};
		1437EC28267098540098FCAC /* PBXContainerItemProxy */ = {
			isa = PBXContainerItemProxy;
			containerPortal = 1437EC032670984C0098FCAC /* Project object */;
			proxyType = 1;
			remoteGlobalIDString = 1437EC0A2670984C0098FCAC;
			remoteInfo = "CR GameUI";
		};
/* End PBXContainerItemProxy section */

/* Begin PBXFileReference section */
		1437EC0B2670984C0098FCAC /* CR GameUI.app */ = {isa = PBXFileReference; explicitFileType = wrapper.application; includeInIndex = 0; path = "CR GameUI.app"; sourceTree = BUILT_PRODUCTS_DIR; };
		1437EC0E2670984D0098FCAC /* CR_GameUIApp.swift */ = {isa = PBXFileReference; lastKnownFileType = sourcecode.swift; path = CR_GameUIApp.swift; sourceTree = "<group>"; };
		1437EC102670984D0098FCAC /* ContentView.swift */ = {isa = PBXFileReference; lastKnownFileType = sourcecode.swift; path = ContentView.swift; sourceTree = "<group>"; };
		1437EC12267098530098FCAC /* Assets.xcassets */ = {isa = PBXFileReference; lastKnownFileType = folder.assetcatalog; path = Assets.xcassets; sourceTree = "<group>"; };
		1437EC15267098530098FCAC /* Preview Assets.xcassets */ = {isa = PBXFileReference; lastKnownFileType = folder.assetcatalog; path = "Preview Assets.xcassets"; sourceTree = "<group>"; };
		1437EC17267098530098FCAC /* Info.plist */ = {isa = PBXFileReference; lastKnownFileType = text.plist.xml; path = Info.plist; sourceTree = "<group>"; };
		1437EC1C267098540098FCAC /* CR GameUITests.xctest */ = {isa = PBXFileReference; explicitFileType = wrapper.cfbundle; includeInIndex = 0; path = "CR GameUITests.xctest"; sourceTree = BUILT_PRODUCTS_DIR; };
		1437EC20267098540098FCAC /* CR_GameUITests.swift */ = {isa = PBXFileReference; lastKnownFileType = sourcecode.swift; path = CR_GameUITests.swift; sourceTree = "<group>"; };
		1437EC22267098540098FCAC /* Info.plist */ = {isa = PBXFileReference; lastKnownFileType = text.plist.xml; path = Info.plist; sourceTree = "<group>"; };
		1437EC27267098540098FCAC /* CR GameUIUITests.xctest */ = {isa = PBXFileReference; explicitFileType = wrapper.cfbundle; includeInIndex = 0; path = "CR GameUIUITests.xctest"; sourceTree = BUILT_PRODUCTS_DIR; };
		1437EC2B267098540098FCAC /* CR_GameUIUITests.swift */ = {isa = PBXFileReference; lastKnownFileType = sourcecode.swift; path = CR_GameUIUITests.swift; sourceTree = "<group>"; };
		1437EC2D267098540098FCAC /* Info.plist */ = {isa = PBXFileReference; lastKnownFileType = text.plist.xml; path = Info.plist; sourceTree = "<group>"; };
/* End PBXFileReference section */

/* Begin PBXFrameworksBuildPhase section */
		1437EC082670984C0098FCAC /* Frameworks */ = {
			isa = PBXFrameworksBuildPhase;
			buildActionMask = 2147483647;
			files = (
			);
			runOnlyForDeploymentPostprocessing = 0;
		};
		1437EC19267098540098FCAC /* Frameworks */ = {
			isa = PBXFrameworksBuildPhase;
			buildActionMask = 2147483647;
			files = (
			);
			runOnlyForDeploymentPostprocessing = 0;
		};
		1437EC24267098540098FCAC /* Frameworks */ = {
			isa = PBXFrameworksBuildPhase;
			buildActionMask = 2147483647;
			files = (
			);
			runOnlyForDeploymentPostprocessing = 0;
		};
/* End PBXFrameworksBuildPhase section */

/* Begin PBXGroup section */
		1437EC022670984C0098FCAC = {
			isa = PBXGroup;
			children = (
				1437EC0D2670984C0098FCAC /* CR GameUI */,
				1437EC1F267098540098FCAC /* CR GameUITests */,
				1437EC2A267098540098FCAC /* CR GameUIUITests */,
				1437EC0C2670984C0098FCAC /* Products */,
			);
			sourceTree = "<group>";
		};
		1437EC0C2670984C0098FCAC /* Products */ = {
			isa = PBXGroup;
			children = (
				1437EC0B2670984C0098FCAC /* CR GameUI.app */,
				1437EC1C267098540098FCAC /* CR GameUITests.xctest */,
				1437EC27267098540098FCAC /* CR GameUIUITests.xctest */,
			);
			name = Products;
			sourceTree = "<group>";
		};
		1437EC0D2670984C0098FCAC /* CR GameUI */ = {
			isa = PBXGroup;
			children = (
				1437EC0E2670984D0098FCAC /* CR_GameUIApp.swift */,
				1437EC102670984D0098FCAC /* ContentView.swift */,
				1437EC12267098530098FCAC /* Assets.xcassets */,
				1437EC17267098530098FCAC /* Info.plist */,
				1437EC14267098530098FCAC /* Preview Content */,
			);
			path = "CR GameUI";
			sourceTree = "<group>";
		};
		1437EC14267098530098FCAC /* Preview Content */ = {
			isa = PBXGroup;
			children = (
				1437EC15267098530098FCAC /* Preview Assets.xcassets */,
			);
			path = "Preview Content";
			sourceTree = "<group>";
		};
		1437EC1F267098540098FCAC /* CR GameUITests */ = {
			isa = PBXGroup;
			children = (
				1437EC20267098540098FCAC /* CR_GameUITests.swift */,
				1437EC22267098540098FCAC /* Info.plist */,
			);
			path = "CR GameUITests";
			sourceTree = "<group>";
		};
		1437EC2A267098540098FCAC /* CR GameUIUITests */ = {
			isa = PBXGroup;
			children = (
				1437EC2B267098540098FCAC /* CR_GameUIUITests.swift */,
				1437EC2D267098540098FCAC /* Info.plist */,
			);
			path = "CR GameUIUITests";
			sourceTree = "<group>";
		};
/* End PBXGroup section */

/* Begin PBXNativeTarget section */
		1437EC0A2670984C0098FCAC /* CR GameUI */ = {
			isa = PBXNativeTarget;
			buildConfigurationList = 1437EC30267098540098FCAC /* Build configuration list for PBXNativeTarget "CR GameUI" */;
			buildPhases = (
				1437EC072670984C0098FCAC /* Sources */,
				1437EC082670984C0098FCAC /* Frameworks */,
				1437EC092670984C0098FCAC /* Resources */,
			);
			buildRules = (
			);
			dependencies = (
			);
			name = "CR GameUI";
			productName = "CR GameUI";
			productReference = 1437EC0B2670984C0098FCAC /* CR GameUI.app */;
			productType = "com.apple.product-type.application";
		};
		1437EC1B267098540098FCAC /* CR GameUITests */ = {
			isa = PBXNativeTarget;
			buildConfigurationList = 1437EC33267098540098FCAC /* Build configuration list for PBXNativeTarget "CR GameUITests" */;
			buildPhases = (
				1437EC18267098540098FCAC /* Sources */,
				1437EC19267098540098FCAC /* Frameworks */,
				1437EC1A267098540098FCAC /* Resources */,
			);
			buildRules = (
			);
			dependencies = (
				1437EC1E267098540098FCAC /* PBXTargetDependency */,
			);
			name = "CR GameUITests";
			productName = "CR GameUITests";
			productReference = 1437EC1C267098540098FCAC /* CR GameUITests.xctest */;
			productType = "com.apple.product-type.bundle.unit-test";
		};
		1437EC26267098540098FCAC /* CR GameUIUITests */ = {
			isa = PBXNativeTarget;
			buildConfigurationList = 1437EC36267098540098FCAC /* Build configuration list for PBXNativeTarget "CR GameUIUITests" */;
			buildPhases = (
				1437EC23267098540098FCAC /* Sources */,
				1437EC24267098540098FCAC /* Frameworks */,
				1437EC25267098540098FCAC /* Resources */,
			);
			buildRules = (
			);
			dependencies = (
				1437EC29267098540098FCAC /* PBXTargetDependency */,
			);
			name = "CR GameUIUITests";
			productName = "CR GameUIUITests";
			productReference = 1437EC27267098540098FCAC /* CR GameUIUITests.xctest */;
			productType = "com.apple.product-type.bundle.ui-testing";
		};
/* End PBXNativeTarget section */

/* Begin PBXProject section */
		1437EC032670984C0098FCAC /* Project object */ = {
			isa = PBXProject;
			attributes = {
				LastSwiftUpdateCheck = 1250;
				LastUpgradeCheck = 1250;
				TargetAttributes = {
					1437EC0A2670984C0098FCAC = {
						CreatedOnToolsVersion = 12.5;
					};
					1437EC1B267098540098FCAC = {
						CreatedOnToolsVersion = 12.5;
						TestTargetID = 1437EC0A2670984C0098FCAC;
					};
					1437EC26267098540098FCAC = {
						CreatedOnToolsVersion = 12.5;
						TestTargetID = 1437EC0A2670984C0098FCAC;
					};
				};
			};
			buildConfigurationList = 1437EC062670984C0098FCAC /* Build configuration list for PBXProject "CR GameUI" */;
			compatibilityVersion = "Xcode 9.3";
			developmentRegion = en;
			hasScannedForEncodings = 0;
			knownRegions = (
				en,
				Base,
			);
			mainGroup = 1437EC022670984C0098FCAC;
			productRefGroup = 1437EC0C2670984C0098FCAC /* Products */;
			projectDirPath = "";
			projectRoot = "";
			targets = (
				1437EC0A2670984C0098FCAC /* CR GameUI */,
				1437EC1B267098540098FCAC /* CR GameUITests */,
				1437EC26267098540098FCAC /* CR GameUIUITests */,
			);
		};
/* End PBXProject section */

/* Begin PBXResourcesBuildPhase section */
		1437EC092670984C0098FCAC /* Resources */ = {
			isa = PBXResourcesBuildPhase;
			buildActionMask = 2147483647;
			files = (
				1437EC16267098530098FCAC /* Preview Assets.xcassets in Resources */,
				1437EC13267098530098FCAC /* Assets.xcassets in Resources */,
			);
			runOnlyForDeploymentPostprocessing = 0;
		};
		1437EC1A267098540098FCAC /* Resources */ = {
			isa = PBXResourcesBuildPhase;
			buildActionMask = 2147483647;
			files = (
			);
			runOnlyForDeploymentPostprocessing = 0;
		};
		1437EC25267098540098FCAC /* Resources */ = {
			isa = PBXResourcesBuildPhase;
			buildActionMask = 2147483647;
			files = (
			);
			runOnlyForDeploymentPostprocessing = 0;
		};
/* End PBXResourcesBuildPhase section */

/* Begin PBXSourcesBuildPhase section */
		1437EC072670984C0098FCAC /* Sources */ = {
			isa = PBXSourcesBuildPhase;
			buildActionMask = 2147483647;
			files = (
				1437EC112670984D0098FCAC /* ContentView.swift in Sources */,
				1437EC0F2670984D0098FCAC /* CR_GameUIApp.swift in Sources */,
			);
			runOnlyForDeploymentPostprocessing = 0;
		};
		1437EC18267098540098FCAC /* Sources */ = {
			isa = PBXSourcesBuildPhase;
			buildActionMask = 2147483647;
			files = (
				1437EC21267098540098FCAC /* CR_GameUITests.swift in Sources */,
			);
			runOnlyForDeploymentPostprocessing = 0;
		};
		1437EC23267098540098FCAC /* Sources */ = {
			isa = PBXSourcesBuildPhase;
			buildActionMask = 2147483647;
			files = (
				1437EC2C267098540098FCAC /* CR_GameUIUITests.swift in Sources */,
			);
			runOnlyForDeploymentPostprocessing = 0;
		};
/* End PBXSourcesBuildPhase section */

/* Begin PBXTargetDependency section */
		1437EC1E267098540098FCAC /* PBXTargetDependency */ = {
			isa = PBXTargetDependency;
			target = 1437EC0A2670984C0098FCAC /* CR GameUI */;
			targetProxy = 1437EC1D267098540098FCAC /* PBXContainerItemProxy */;
		};
		1437EC29267098540098FCAC /* PBXTargetDependency */ = {
			isa = PBXTargetDependency;
			target = 1437EC0A2670984C0098FCAC /* CR GameUI */;
			targetProxy = 1437EC28267098540098FCAC /* PBXContainerItemProxy */;
		};
/* End PBXTargetDependency section */

/* Begin XCBuildConfiguration section */
		1437EC2E267098540098FCAC /* Debug */ = {
			isa = XCBuildConfiguration;
			buildSettings = {
				ALWAYS_SEARCH_USER_PATHS = NO;
				CLANG_ANALYZER_NONNULL = YES;
				CLANG_ANALYZER_NUMBER_OBJECT_CONVERSION = YES_AGGRESSIVE;
				CLANG_CXX_LANGUAGE_STANDARD = "gnu++14";
				CLANG_CXX_LIBRARY = "libc++";
				CLANG_ENABLE_MODULES = YES;
				CLANG_ENABLE_OBJC_ARC = YES;
				CLANG_ENABLE_OBJC_WEAK = YES;
				CLANG_WARN_BLOCK_CAPTURE_AUTORELEASING = YES;
				CLANG_WARN_BOOL_CONVERSION = YES;
				CLANG_WARN_COMMA = YES;
				CLANG_WARN_CONSTANT_CONVERSION = YES;
				CLANG_WARN_DEPRECATED_OBJC_IMPLEMENTATIONS = YES;
				CLANG_WARN_DIRECT_OBJC_ISA_USAGE = YES_ERROR;
				CLANG_WARN_DOCUMENTATION_COMMENTS = YES;
				CLANG_WARN_EMPTY_BODY = YES;
				CLANG_WARN_ENUM_CONVERSION = YES;
				CLANG_WARN_INFINITE_RECURSION = YES;
				CLANG_WARN_INT_CONVERSION = YES;
				CLANG_WARN_NON_LITERAL_NULL_CONVERSION = YES;
				CLANG_WARN_OBJC_IMPLICIT_RETAIN_SELF = YES;
				CLANG_WARN_OBJC_LITERAL_CONVERSION = YES;
				CLANG_WARN_OBJC_ROOT_CLASS = YES_ERROR;
				CLANG_WARN_QUOTED_INCLUDE_IN_FRAMEWORK_HEADER = YES;
				CLANG_WARN_RANGE_LOOP_ANALYSIS = YES;
				CLANG_WARN_STRICT_PROTOTYPES = YES;
				CLANG_WARN_SUSPICIOUS_MOVE = YES;
				CLANG_WARN_UNGUARDED_AVAILABILITY = YES_AGGRESSIVE;
				CLANG_WARN_UNREACHABLE_CODE = YES;
				CLANG_WARN__DUPLICATE_METHOD_MATCH = YES;
				COPY_PHASE_STRIP = NO;
				DEBUG_INFORMATION_FORMAT = dwarf;
				ENABLE_STRICT_OBJC_MSGSEND = YES;
				ENABLE_TESTABILITY = YES;
				GCC_C_LANGUAGE_STANDARD = gnu11;
				GCC_DYNAMIC_NO_PIC = NO;
				GCC_NO_COMMON_BLOCKS = YES;
				GCC_OPTIMIZATION_LEVEL = 0;
				GCC_PREPROCESSOR_DEFINITIONS = (
					"DEBUG=1",
					"$(inherited)",
				);
				GCC_WARN_64_TO_32_BIT_CONVERSION = YES;
				GCC_WARN_ABOUT_RETURN_TYPE = YES_ERROR;
				GCC_WARN_UNDECLARED_SELECTOR = YES;
				GCC_WARN_UNINITIALIZED_AUTOS = YES_AGGRESSIVE;
				GCC_WARN_UNUSED_FUNCTION = YES;
				GCC_WARN_UNUSED_VARIABLE = YES;
				IPHONEOS_DEPLOYMENT_TARGET = 14.5;
				MTL_ENABLE_DEBUG_INFO = INCLUDE_SOURCE;
				MTL_FAST_MATH = YES;
				ONLY_ACTIVE_ARCH = YES;
				SDKROOT = iphoneos;
				SWIFT_ACTIVE_COMPILATION_CONDITIONS = DEBUG;
				SWIFT_OPTIMIZATION_LEVEL = "-Onone";
			};
			name = Debug;
		};
		1437EC2F267098540098FCAC /* Release */ = {
			isa = XCBuildConfiguration;
			buildSettings = {
				ALWAYS_SEARCH_USER_PATHS = NO;
				CLANG_ANALYZER_NONNULL = YES;
				CLANG_ANALYZER_NUMBER_OBJECT_CONVERSION = YES_AGGRESSIVE;
				CLANG_CXX_LANGUAGE_STANDARD = "gnu++14";
				CLANG_CXX_LIBRARY = "libc++";
				CLANG_ENABLE_MODULES = YES;
				CLANG_ENABLE_OBJC_ARC = YES;
				CLANG_ENABLE_OBJC_WEAK = YES;
				CLANG_WARN_BLOCK_CAPTURE_AUTORELEASING = YES;
				CLANG_WARN_BOOL_CONVERSION = YES;
				CLANG_WARN_COMMA = YES;
				CLANG_WARN_CONSTANT_CONVERSION = YES;
				CLANG_WARN_DEPRECATED_OBJC_IMPLEMENTATIONS = YES;
				CLANG_WARN_DIRECT_OBJC_ISA_USAGE = YES_ERROR;
				CLANG_WARN_DOCUMENTATION_COMMENTS = YES;
				CLANG_WARN_EMPTY_BODY = YES;
				CLANG_WARN_ENUM_CONVERSION = YES;
				CLANG_WARN_INFINITE_RECURSION = YES;
				CLANG_WARN_INT_CONVERSION = YES;
				CLANG_WARN_NON_LITERAL_NULL_CONVERSION = YES;
				CLANG_WARN_OBJC_IMPLICIT_RETAIN_SELF = YES;
				CLANG_WARN_OBJC_LITERAL_CONVERSION = YES;
				CLANG_WARN_OBJC_ROOT_CLASS = YES_ERROR;
				CLANG_WARN_QUOTED_INCLUDE_IN_FRAMEWORK_HEADER = YES;
				CLANG_WARN_RANGE_LOOP_ANALYSIS = YES;
				CLANG_WARN_STRICT_PROTOTYPES = YES;
				CLANG_WARN_SUSPICIOUS_MOVE = YES;
				CLANG_WARN_UNGUARDED_AVAILABILITY = YES_AGGRESSIVE;
				CLANG_WARN_UNREACHABLE_CODE = YES;
				CLANG_WARN__DUPLICATE_METHOD_MATCH = YES;
				COPY_PHASE_STRIP = NO;
				DEBUG_INFORMATION_FORMAT = "dwarf-with-dsym";
				ENABLE_NS_ASSERTIONS = NO;
				ENABLE_STRICT_OBJC_MSGSEND = YES;
				GCC_C_LANGUAGE_STANDARD = gnu11;
				GCC_NO_COMMON_BLOCKS = YES;
				GCC_WARN_64_TO_32_BIT_CONVERSION = YES;
				GCC_WARN_ABOUT_RETURN_TYPE = YES_ERROR;
				GCC_WARN_UNDECLARED_SELECTOR = YES;
				GCC_WARN_UNINITIALIZED_AUTOS = YES_AGGRESSIVE;
				GCC_WARN_UNUSED_FUNCTION = YES;
				GCC_WARN_UNUSED_VARIABLE = YES;
				IPHONEOS_DEPLOYMENT_TARGET = 14.5;
				MTL_ENABLE_DEBUG_INFO = NO;
				MTL_FAST_MATH = YES;
				SDKROOT = iphoneos;
				SWIFT_COMPILATION_MODE = wholemodule;
				SWIFT_OPTIMIZATION_LEVEL = "-O";
				VALIDATE_PRODUCT = YES;
			};
			name = Release;
		};
		1437EC31267098540098FCAC /* Debug */ = {
			isa = XCBuildConfiguration;
			buildSettings = {
				ASSETCATALOG_COMPILER_APPICON_NAME = AppIcon;
				ASSETCATALOG_COMPILER_GLOBAL_ACCENT_COLOR_NAME = AccentColor;
				CODE_SIGN_STYLE = Automatic;
				DEVELOPMENT_ASSET_PATHS = "\"CR GameUI/Preview Content\"";
				DEVELOPMENT_TEAM = H3XRC65AH9;
				ENABLE_PREVIEWS = YES;
				INFOPLIST_FILE = "CR GameUI/Info.plist";
				IPHONEOS_DEPLOYMENT_TARGET = 14.0;
				LD_RUNPATH_SEARCH_PATHS = (
					"$(inherited)",
					"@executable_path/Frameworks",
				);
				PRODUCT_BUNDLE_IDENTIFIER = "com.CR-GameUI";
				PRODUCT_NAME = "$(TARGET_NAME)";
				SWIFT_VERSION = 5.0;
				TARGETED_DEVICE_FAMILY = 1;
			};
			name = Debug;
		};
		1437EC32267098540098FCAC /* Release */ = {
			isa = XCBuildConfiguration;
			buildSettings = {
				ASSETCATALOG_COMPILER_APPICON_NAME = AppIcon;
				ASSETCATALOG_COMPILER_GLOBAL_ACCENT_COLOR_NAME = AccentColor;
				CODE_SIGN_STYLE = Automatic;
				DEVELOPMENT_ASSET_PATHS = "\"CR GameUI/Preview Content\"";
				DEVELOPMENT_TEAM = H3XRC65AH9;
				ENABLE_PREVIEWS = YES;
				INFOPLIST_FILE = "CR GameUI/Info.plist";
				IPHONEOS_DEPLOYMENT_TARGET = 14.0;
				LD_RUNPATH_SEARCH_PATHS = (
					"$(inherited)",
					"@executable_path/Frameworks",
				);
				PRODUCT_BUNDLE_IDENTIFIER = "com.CR-GameUI";
				PRODUCT_NAME = "$(TARGET_NAME)";
				SWIFT_VERSION = 5.0;
				TARGETED_DEVICE_FAMILY = 1;
			};
			name = Release;
		};
		1437EC34267098540098FCAC /* Debug */ = {
			isa = XCBuildConfiguration;
			buildSettings = {
				ALWAYS_EMBED_SWIFT_STANDARD_LIBRARIES = YES;
				BUNDLE_LOADER = "$(TEST_HOST)";
				CODE_SIGN_STYLE = Automatic;
				DEVELOPMENT_TEAM = H3XRC65AH9;
				INFOPLIST_FILE = "CR GameUITests/Info.plist";
				IPHONEOS_DEPLOYMENT_TARGET = 14.0;
				LD_RUNPATH_SEARCH_PATHS = (
					"$(inherited)",
					"@executable_path/Frameworks",
					"@loader_path/Frameworks",
				);
				PRODUCT_BUNDLE_IDENTIFIER = "com.CR-GameUITests";
				PRODUCT_NAME = "$(TARGET_NAME)";
				SWIFT_VERSION = 5.0;
				TARGETED_DEVICE_FAMILY = "1,2";
				TEST_HOST = "$(BUILT_PRODUCTS_DIR)/CR GameUI.app/CR GameUI";
			};
			name = Debug;
		};
		1437EC35267098540098FCAC /* Release */ = {
			isa = XCBuildConfiguration;
			buildSettings = {
				ALWAYS_EMBED_SWIFT_STANDARD_LIBRARIES = YES;
				BUNDLE_LOADER = "$(TEST_HOST)";
				CODE_SIGN_STYLE = Automatic;
				DEVELOPMENT_TEAM = H3XRC65AH9;
				INFOPLIST_FILE = "CR GameUITests/Info.plist";
				IPHONEOS_DEPLOYMENT_TARGET = 14.0;
				LD_RUNPATH_SEARCH_PATHS = (
					"$(inherited)",
					"@executable_path/Frameworks",
					"@loader_path/Frameworks",
				);
				PRODUCT_BUNDLE_IDENTIFIER = "com.CR-GameUITests";
				PRODUCT_NAME = "$(TARGET_NAME)";
				SWIFT_VERSION = 5.0;
				TARGETED_DEVICE_FAMILY = "1,2";
				TEST_HOST = "$(BUILT_PRODUCTS_DIR)/CR GameUI.app/CR GameUI";
			};
			name = Release;
		};
		1437EC37267098540098FCAC /* Debug */ = {
			isa = XCBuildConfiguration;
			buildSettings = {
				ALWAYS_EMBED_SWIFT_STANDARD_LIBRARIES = YES;
				CODE_SIGN_STYLE = Automatic;
				DEVELOPMENT_TEAM = H3XRC65AH9;
				INFOPLIST_FILE = "CR GameUIUITests/Info.plist";
				LD_RUNPATH_SEARCH_PATHS = (
					"$(inherited)",
					"@executable_path/Frameworks",
					"@loader_path/Frameworks",
				);
				PRODUCT_BUNDLE_IDENTIFIER = "com.CR-GameUIUITests";
				PRODUCT_NAME = "$(TARGET_NAME)";
				SWIFT_VERSION = 5.0;
				TARGETED_DEVICE_FAMILY = "1,2";
				TEST_TARGET_NAME = "CR GameUI";
			};
			name = Debug;
		};
		1437EC38267098540098FCAC /* Release */ = {
			isa = XCBuildConfiguration;
			buildSettings = {
				ALWAYS_EMBED_SWIFT_STANDARD_LIBRARIES = YES;
				CODE_SIGN_STYLE = Automatic;
				DEVELOPMENT_TEAM = H3XRC65AH9;
				INFOPLIST_FILE = "CR GameUIUITests/Info.plist";
				LD_RUNPATH_SEARCH_PATHS = (
					"$(inherited)",
					"@executable_path/Frameworks",
					"@loader_path/Frameworks",
				);
				PRODUCT_BUNDLE_IDENTIFIER = "com.CR-GameUIUITests";
				PRODUCT_NAME = "$(TARGET_NAME)";
				SWIFT_VERSION = 5.0;
				TARGETED_DEVICE_FAMILY = "1,2";
				TEST_TARGET_NAME = "CR GameUI";
			};
			name = Release;
		};
/* End XCBuildConfiguration section */

/* Begin XCConfigurationList section */
		1437EC062670984C0098FCAC /* Build configuration list for PBXProject "CR GameUI" */ = {
			isa = XCConfigurationList;
			buildConfigurations = (
				1437EC2E267098540098FCAC /* Debug */,
				1437EC2F267098540098FCAC /* Release */,
			);
			defaultConfigurationIsVisible = 0;
			defaultConfigurationName = Release;
		};
		1437EC30267098540098FCAC /* Build configuration list for PBXNativeTarget "CR GameUI" */ = {
			isa = XCConfigurationList;
			buildConfigurations = (
				1437EC31267098540098FCAC /* Debug */,
				1437EC32267098540098FCAC /* Release */,
			);
			defaultConfigurationIsVisible = 0;
			defaultConfigurationName = Release;
		};
		1437EC33267098540098FCAC /* Build configuration list for PBXNativeTarget "CR GameUITests" */ = {
			isa = XCConfigurationList;
			buildConfigurations = (
				1437EC34267098540098FCAC /* Debug */,
				1437EC35267098540098FCAC /* Release */,
			);
			defaultConfigurationIsVisible = 0;
			defaultConfigurationName = Release;
		};
		1437EC36267098540098FCAC /* Build configuration list for PBXNativeTarget "CR GameUIUITests" */ = {
			isa = XCConfigurationList;
			buildConfigurations = (
				1437EC37267098540098FCAC /* Debug */,
				1437EC38267098540098FCAC /* Release */,
			);
			defaultConfigurationIsVisible = 0;
			defaultConfigurationName = Release;
		};
/* End XCConfigurationList section */
	};
	rootObject = 1437EC032670984C0098FCAC /* Project object */;
}
